// !$*UTF8*$!
{
	archiveVersion = 1;
	classes = {
	};
	objectVersion = 56;
	objects = {

/* Begin PBXBuildFile section */
		92B54F012A58550900592ED9 /* AppDelegate.swift in Sources */ = {isa = PBXBuildFile; fileRef = 92B54F002A58550900592ED9 /* AppDelegate.swift */; };
		92B54F032A58550900592ED9 /* SceneDelegate.swift in Sources */ = {isa = PBXBuildFile; fileRef = 92B54F022A58550900592ED9 /* SceneDelegate.swift */; };
		92B54F052A58550900592ED9 /* ViewController.swift in Sources */ = {isa = PBXBuildFile; fileRef = 92B54F042A58550900592ED9 /* ViewController.swift */; };
		92B54F082A58550900592ED9 /* Main.storyboard in Resources */ = {isa = PBXBuildFile; fileRef = 92B54F062A58550900592ED9 /* Main.storyboard */; };
		92B54F0A2A58550B00592ED9 /* Assets.xcassets in Resources */ = {isa = PBXBuildFile; fileRef = 92B54F092A58550B00592ED9 /* Assets.xcassets */; };
		92B54F0D2A58550B00592ED9 /* LaunchScreen.storyboard in Resources */ = {isa = PBXBuildFile; fileRef = 92B54F0B2A58550B00592ED9 /* LaunchScreen.storyboard */; };
		92B54F162A58563C00592ED9 /* CustomTableViewCell.swift in Sources */ = {isa = PBXBuildFile; fileRef = 92B54F142A58563C00592ED9 /* CustomTableViewCell.swift */; };
		92B54F172A58563C00592ED9 /* CustomTableViewCell.xib in Resources */ = {isa = PBXBuildFile; fileRef = 92B54F152A58563C00592ED9 /* CustomTableViewCell.xib */; };
		92B54F192A5873C300592ED9 /* FoodType.swift in Sources */ = {isa = PBXBuildFile; fileRef = 92B54F182A5873C300592ED9 /* FoodType.swift */; };
/* End PBXBuildFile section */

/* Begin PBXFileReference section */
		92B54EFD2A58550900592ED9 /* Week9_MINT.app */ = {isa = PBXFileReference; explicitFileType = wrapper.application; includeInIndex = 0; path = Week9_MINT.app; sourceTree = BUILT_PRODUCTS_DIR; };
		92B54F002A58550900592ED9 /* AppDelegate.swift */ = {isa = PBXFileReference; lastKnownFileType = sourcecode.swift; path = AppDelegate.swift; sourceTree = "<group>"; };
		92B54F022A58550900592ED9 /* SceneDelegate.swift */ = {isa = PBXFileReference; lastKnownFileType = sourcecode.swift; path = SceneDelegate.swift; sourceTree = "<group>"; };
		92B54F042A58550900592ED9 /* ViewController.swift */ = {isa = PBXFileReference; lastKnownFileType = sourcecode.swift; path = ViewController.swift; sourceTree = "<group>"; };
		92B54F072A58550900592ED9 /* Base */ = {isa = PBXFileReference; lastKnownFileType = file.storyboard; name = Base; path = Base.lproj/Main.storyboard; sourceTree = "<group>"; };
		92B54F092A58550B00592ED9 /* Assets.xcassets */ = {isa = PBXFileReference; lastKnownFileType = folder.assetcatalog; path = Assets.xcassets; sourceTree = "<group>"; };
		92B54F0C2A58550B00592ED9 /* Base */ = {isa = PBXFileReference; lastKnownFileType = file.storyboard; name = Base; path = Base.lproj/LaunchScreen.storyboard; sourceTree = "<group>"; };
		92B54F0E2A58550B00592ED9 /* Info.plist */ = {isa = PBXFileReference; lastKnownFileType = text.plist.xml; path = Info.plist; sourceTree = "<group>"; };
		92B54F142A58563C00592ED9 /* CustomTableViewCell.swift */ = {isa = PBXFileReference; lastKnownFileType = sourcecode.swift; path = CustomTableViewCell.swift; sourceTree = "<group>"; };
		92B54F152A58563C00592ED9 /* CustomTableViewCell.xib */ = {isa = PBXFileReference; lastKnownFileType = file.xib; path = CustomTableViewCell.xib; sourceTree = "<group>"; };
		92B54F182A5873C300592ED9 /* FoodType.swift */ = {isa = PBXFileReference; lastKnownFileType = sourcecode.swift; path = FoodType.swift; sourceTree = "<group>"; };
/* End PBXFileReference section */

/* Begin PBXFrameworksBuildPhase section */
		92B54EFA2A58550900592ED9 /* Frameworks */ = {
			isa = PBXFrameworksBuildPhase;
			buildActionMask = 2147483647;
			files = (
			);
			runOnlyForDeploymentPostprocessing = 0;
		};
/* End PBXFrameworksBuildPhase section */

/* Begin PBXGroup section */
		92B54EF42A58550900592ED9 = {
			isa = PBXGroup;
			children = (
				92B54EFF2A58550900592ED9 /* Week9_MINT */,
				92B54EFE2A58550900592ED9 /* Products */,
			);
			sourceTree = "<group>";
		};
		92B54EFE2A58550900592ED9 /* Products */ = {
			isa = PBXGroup;
			children = (
				92B54EFD2A58550900592ED9 /* Week9_MINT.app */,
			);
			name = Products;
			sourceTree = "<group>";
		};
		92B54EFF2A58550900592ED9 /* Week9_MINT */ = {
			isa = PBXGroup;
			children = (
				92B54F002A58550900592ED9 /* AppDelegate.swift */,
				92B54F022A58550900592ED9 /* SceneDelegate.swift */,
				92B54F042A58550900592ED9 /* ViewController.swift */,
				92B54F182A5873C300592ED9 /* FoodType.swift */,
				92B54F142A58563C00592ED9 /* CustomTableViewCell.swift */,
				92B54F062A58550900592ED9 /* Main.storyboard */,
				92B54F152A58563C00592ED9 /* CustomTableViewCell.xib */,
				92B54F092A58550B00592ED9 /* Assets.xcassets */,
				92B54F0B2A58550B00592ED9 /* LaunchScreen.storyboard */,
				92B54F0E2A58550B00592ED9 /* Info.plist */,
			);
			path = Week9_MINT;
			sourceTree = "<group>";
		};
/* End PBXGroup section */

/* Begin PBXNativeTarget section */
		92B54EFC2A58550900592ED9 /* Week9_MINT */ = {
			isa = PBXNativeTarget;
			buildConfigurationList = 92B54F112A58550B00592ED9 /* Build configuration list for PBXNativeTarget "Week9_MINT" */;
			buildPhases = (
				92B54EF92A58550900592ED9 /* Sources */,
				92B54EFA2A58550900592ED9 /* Frameworks */,
				92B54EFB2A58550900592ED9 /* Resources */,
			);
			buildRules = (
			);
			dependencies = (
			);
			name = Week9_MINT;
			productName = Week9_MINT;
			productReference = 92B54EFD2A58550900592ED9 /* Week9_MINT.app */;
			productType = "com.apple.product-type.application";
		};
/* End PBXNativeTarget section */

/* Begin PBXProject section */
		92B54EF52A58550900592ED9 /* Project object */ = {
			isa = PBXProject;
			attributes = {
				BuildIndependentTargetsInParallel = 1;
				LastSwiftUpdateCheck = 1430;
				LastUpgradeCheck = 1430;
				TargetAttributes = {
					92B54EFC2A58550900592ED9 = {
						CreatedOnToolsVersion = 14.3;
					};
				};
			};
			buildConfigurationList = 92B54EF82A58550900592ED9 /* Build configuration list for PBXProject "Week9_MINT" */;
			compatibilityVersion = "Xcode 14.0";
			developmentRegion = en;
			hasScannedForEncodings = 0;
			knownRegions = (
				en,
				Base,
			);
			mainGroup = 92B54EF42A58550900592ED9;
			productRefGroup = 92B54EFE2A58550900592ED9 /* Products */;
			projectDirPath = "";
			projectRoot = "";
			targets = (
				92B54EFC2A58550900592ED9 /* Week9_MINT */,
			);
		};
/* End PBXProject section */

/* Begin PBXResourcesBuildPhase section */
		92B54EFB2A58550900592ED9 /* Resources */ = {
			isa = PBXResourcesBuildPhase;
			buildActionMask = 2147483647;
			files = (
				92B54F0D2A58550B00592ED9 /* LaunchScreen.storyboard in Resources */,
				92B54F0A2A58550B00592ED9 /* Assets.xcassets in Resources */,
				92B54F172A58563C00592ED9 /* CustomTableViewCell.xib in Resources */,
				92B54F082A58550900592ED9 /* Main.storyboard in Resources */,
			);
			runOnlyForDeploymentPostprocessing = 0;
		};
/* End PBXResourcesBuildPhase section */

/* Begin PBXSourcesBuildPhase section */
		92B54EF92A58550900592ED9 /* Sources */ = {
			isa = PBXSourcesBuildPhase;
			buildActionMask = 2147483647;
			files = (
				92B54F192A5873C300592ED9 /* FoodType.swift in Sources */,
				92B54F052A58550900592ED9 /* ViewController.swift in Sources */,
				92B54F012A58550900592ED9 /* AppDelegate.swift in Sources */,
				92B54F162A58563C00592ED9 /* CustomTableViewCell.swift in Sources */,
				92B54F032A58550900592ED9 /* SceneDelegate.swift in Sources */,
			);
			runOnlyForDeploymentPostprocessing = 0;
		};
/* End PBXSourcesBuildPhase section */

/* Begin PBXVariantGroup section */
		92B54F062A58550900592ED9 /* Main.storyboard */ = {
			isa = PBXVariantGroup;
			children = (
				92B54F072A58550900592ED9 /* Base */,
			);
			name = Main.storyboard;
			sourceTree = "<group>";
		};
		92B54F0B2A58550B00592ED9 /* LaunchScreen.storyboard */ = {
			isa = PBXVariantGroup;
			children = (
				92B54F0C2A58550B00592ED9 /* Base */,
			);
			name = LaunchScreen.storyboard;
			sourceTree = "<group>";
		};
/* End PBXVariantGroup section */

/* Begin XCBuildConfiguration section */
		92B54F0F2A58550B00592ED9 /* Debug */ = {
			isa = XCBuildConfiguration;
			buildSettings = {
				ALWAYS_SEARCH_USER_PATHS = NO;
				CLANG_ANALYZER_NONNULL = YES;
				CLANG_ANALYZER_NUMBER_OBJECT_CONVERSION = YES_AGGRESSIVE;
				CLANG_CXX_LANGUAGE_STANDARD = "gnu++20";
				CLANG_ENABLE_MODULES = YES;
				CLANG_ENABLE_OBJC_ARC = YES;
				CLANG_ENABLE_OBJC_WEAK = YES;
				CLANG_WARN_BLOCK_CAPTURE_AUTORELEASING = YES;
				CLANG_WARN_BOOL_CONVERSION = YES;
				CLANG_WARN_COMMA = YES;
				CLANG_WARN_CONSTANT_CONVERSION = YES;
				CLANG_WARN_DEPRECATED_OBJC_IMPLEMENTATIONS = YES;
				CLANG_WARN_DIRECT_OBJC_ISA_USAGE = YES_ERROR;
				CLANG_WARN_DOCUMENTATION_COMMENTS = YES;
				CLANG_WARN_EMPTY_BODY = YES;
				CLANG_WARN_ENUM_CONVERSION = YES;
				CLANG_WARN_INFINITE_RECURSION = YES;
				CLANG_WARN_INT_CONVERSION = YES;
				CLANG_WARN_NON_LITERAL_NULL_CONVERSION = YES;
				CLANG_WARN_OBJC_IMPLICIT_RETAIN_SELF = YES;
				CLANG_WARN_OBJC_LITERAL_CONVERSION = YES;
				CLANG_WARN_OBJC_ROOT_CLASS = YES_ERROR;
				CLANG_WARN_QUOTED_INCLUDE_IN_FRAMEWORK_HEADER = YES;
				CLANG_WARN_RANGE_LOOP_ANALYSIS = YES;
				CLANG_WARN_STRICT_PROTOTYPES = YES;
				CLANG_WARN_SUSPICIOUS_MOVE = YES;
				CLANG_WARN_UNGUARDED_AVAILABILITY = YES_AGGRESSIVE;
				CLANG_WARN_UNREACHABLE_CODE = YES;
				CLANG_WARN__DUPLICATE_METHOD_MATCH = YES;
				COPY_PHASE_STRIP = NO;
				DEBUG_INFORMATION_FORMAT = dwarf;
				ENABLE_STRICT_OBJC_MSGSEND = YES;
				ENABLE_TESTABILITY = YES;
				GCC_C_LANGUAGE_STANDARD = gnu11;
				GCC_DYNAMIC_NO_PIC = NO;
				GCC_NO_COMMON_BLOCKS = YES;
				GCC_OPTIMIZATION_LEVEL = 0;
				GCC_PREPROCESSOR_DEFINITIONS = (
					"DEBUG=1",
					"$(inherited)",
				);
				GCC_WARN_64_TO_32_BIT_CONVERSION = YES;
				GCC_WARN_ABOUT_RETURN_TYPE = YES_ERROR;
				GCC_WARN_UNDECLARED_SELECTOR = YES;
				GCC_WARN_UNINITIALIZED_AUTOS = YES_AGGRESSIVE;
				GCC_WARN_UNUSED_FUNCTION = YES;
				GCC_WARN_UNUSED_VARIABLE = YES;
				IPHONEOS_DEPLOYMENT_TARGET = 16.4;
				MTL_ENABLE_DEBUG_INFO = INCLUDE_SOURCE;
				MTL_FAST_MATH = YES;
				ONLY_ACTIVE_ARCH = YES;
				SDKROOT = iphoneos;
				SWIFT_ACTIVE_COMPILATION_CONDITIONS = DEBUG;
				SWIFT_OPTIMIZATION_LEVEL = "-Onone";
			};
			name = Debug;
		};
		92B54F102A58550B00592ED9 /* Release */ = {
			isa = XCBuildConfiguration;
			buildSettings = {
				ALWAYS_SEARCH_USER_PATHS = NO;
				CLANG_ANALYZER_NONNULL = YES;
				CLANG_ANALYZER_NUMBER_OBJECT_CONVERSION = YES_AGGRESSIVE;
				CLANG_CXX_LANGUAGE_STANDARD = "gnu++20";
				CLANG_ENABLE_MODULES = YES;
				CLANG_ENABLE_OBJC_ARC = YES;
				CLANG_ENABLE_OBJC_WEAK = YES;
				CLANG_WARN_BLOCK_CAPTURE_AUTORELEASING = YES;
				CLANG_WARN_BOOL_CONVERSION = YES;
				CLANG_WARN_COMMA = YES;
				CLANG_WARN_CONSTANT_CONVERSION = YES;
				CLANG_WARN_DEPRECATED_OBJC_IMPLEMENTATIONS = YES;
				CLANG_WARN_DIRECT_OBJC_ISA_USAGE = YES_ERROR;
				CLANG_WARN_DOCUMENTATION_COMMENTS = YES;
				CLANG_WARN_EMPTY_BODY = YES;
				CLANG_WARN_ENUM_CONVERSION = YES;
				CLANG_WARN_INFINITE_RECURSION = YES;
				CLANG_WARN_INT_CONVERSION = YES;
				CLANG_WARN_NON_LITERAL_NULL_CONVERSION = YES;
				CLANG_WARN_OBJC_IMPLICIT_RETAIN_SELF = YES;
				CLANG_WARN_OBJC_LITERAL_CONVERSION = YES;
				CLANG_WARN_OBJC_ROOT_CLASS = YES_ERROR;
				CLANG_WARN_QUOTED_INCLUDE_IN_FRAMEWORK_HEADER = YES;
				CLANG_WARN_RANGE_LOOP_ANALYSIS = YES;
				CLANG_WARN_STRICT_PROTOTYPES = YES;
				CLANG_WARN_SUSPICIOUS_MOVE = YES;
				CLANG_WARN_UNGUARDED_AVAILABILITY = YES_AGGRESSIVE;
				CLANG_WARN_UNREACHABLE_CODE = YES;
				CLANG_WARN__DUPLICATE_METHOD_MATCH = YES;
				COPY_PHASE_STRIP = NO;
				DEBUG_INFORMATION_FORMAT = "dwarf-with-dsym";
				ENABLE_NS_ASSERTIONS = NO;
				ENABLE_STRICT_OBJC_MSGSEND = YES;
				GCC_C_LANGUAGE_STANDARD = gnu11;
				GCC_NO_COMMON_BLOCKS = YES;
				GCC_WARN_64_TO_32_BIT_CONVERSION = YES;
				GCC_WARN_ABOUT_RETURN_TYPE = YES_ERROR;
				GCC_WARN_UNDECLARED_SELECTOR = YES;
				GCC_WARN_UNINITIALIZED_AUTOS = YES_AGGRESSIVE;
				GCC_WARN_UNUSED_FUNCTION = YES;
				GCC_WARN_UNUSED_VARIABLE = YES;
				IPHONEOS_DEPLOYMENT_TARGET = 16.4;
				MTL_ENABLE_DEBUG_INFO = NO;
				MTL_FAST_MATH = YES;
				SDKROOT = iphoneos;
				SWIFT_COMPILATION_MODE = wholemodule;
				SWIFT_OPTIMIZATION_LEVEL = "-O";
				VALIDATE_PRODUCT = YES;
			};
			name = Release;
		};
		92B54F122A58550B00592ED9 /* Debug */ = {
			isa = XCBuildConfiguration;
			buildSettings = {
				ASSETCATALOG_COMPILER_APPICON_NAME = AppIcon;
				ASSETCATALOG_COMPILER_GLOBAL_ACCENT_COLOR_NAME = AccentColor;
				CODE_SIGN_STYLE = Automatic;
				CURRENT_PROJECT_VERSION = 1;
				DEVELOPMENT_TEAM = 7893FPZS4T;
				GENERATE_INFOPLIST_FILE = YES;
				INFOPLIST_FILE = Week9_MINT/Info.plist;
				INFOPLIST_KEY_UIApplicationSupportsIndirectInputEvents = YES;
				INFOPLIST_KEY_UILaunchStoryboardName = LaunchScreen;
				INFOPLIST_KEY_UIMainStoryboardFile = Main;
				INFOPLIST_KEY_UISupportedInterfaceOrientations_iPad = "UIInterfaceOrientationPortrait UIInterfaceOrientationPortraitUpsideDown UIInterfaceOrientationLandscapeLeft UIInterfaceOrientationLandscapeRight";
				INFOPLIST_KEY_UISupportedInterfaceOrientations_iPhone = "UIInterfaceOrientationPortrait UIInterfaceOrientationLandscapeLeft UIInterfaceOrientationLandscapeRight";
				LD_RUNPATH_SEARCH_PATHS = (
					"$(inherited)",
					"@executable_path/Frameworks",
				);
				MARKETING_VERSION = 1.0;
				PRODUCT_BUNDLE_IDENTIFIER = "kr.traum.marchen.Week9-MINT";
				PRODUCT_NAME = "$(TARGET_NAME)";
				SWIFT_EMIT_LOC_STRINGS = YES;
				SWIFT_VERSION = 5.0;
				TARGETED_DEVICE_FAMILY = "1,2";
			};
			name = Debug;
		};
		92B54F132A58550B00592ED9 /* Release */ = {
			isa = XCBuildConfiguration;
			buildSettings = {
				ASSETCATALOG_COMPILER_APPICON_NAME = AppIcon;
				ASSETCATALOG_COMPILER_GLOBAL_ACCENT_COLOR_NAME = AccentColor;
				CODE_SIGN_STYLE = Automatic;
				CURRENT_PROJECT_VERSION = 1;
				DEVELOPMENT_TEAM = 7893FPZS4T;
				GENERATE_INFOPLIST_FILE = YES;
				INFOPLIST_FILE = Week9_MINT/Info.plist;
				INFOPLIST_KEY_UIApplicationSupportsIndirectInputEvents = YES;
				INFOPLIST_KEY_UILaunchStoryboardName = LaunchScreen;
				INFOPLIST_KEY_UIMainStoryboardFile = Main;
				INFOPLIST_KEY_UISupportedInterfaceOrientations_iPad = "UIInterfaceOrientationPortrait UIInterfaceOrientationPortraitUpsideDown UIInterfaceOrientationLandscapeLeft UIInterfaceOrientationLandscapeRight";
				INFOPLIST_KEY_UISupportedInterfaceOrientations_iPhone = "UIInterfaceOrientationPortrait UIInterfaceOrientationLandscapeLeft UIInterfaceOrientationLandscapeRight";
				LD_RUNPATH_SEARCH_PATHS = (
					"$(inherited)",
					"@executable_path/Frameworks",
				);
				MARKETING_VERSION = 1.0;
				PRODUCT_BUNDLE_IDENTIFIER = "kr.traum.marchen.Week9-MINT";
				PRODUCT_NAME = "$(TARGET_NAME)";
				SWIFT_EMIT_LOC_STRINGS = YES;
				SWIFT_VERSION = 5.0;
				TARGETED_DEVICE_FAMILY = "1,2";
			};
			name = Release;
		};
/* End XCBuildConfiguration section */

/* Begin XCConfigurationList section */
		92B54EF82A58550900592ED9 /* Build configuration list for PBXProject "Week9_MINT" */ = {
			isa = XCConfigurationList;
			buildConfigurations = (
				92B54F0F2A58550B00592ED9 /* Debug */,
				92B54F102A58550B00592ED9 /* Release */,
			);
			defaultConfigurationIsVisible = 0;
			defaultConfigurationName = Release;
		};
		92B54F112A58550B00592ED9 /* Build configuration list for PBXNativeTarget "Week9_MINT" */ = {
			isa = XCConfigurationList;
			buildConfigurations = (
				92B54F122A58550B00592ED9 /* Debug */,
				92B54F132A58550B00592ED9 /* Release */,
			);
			defaultConfigurationIsVisible = 0;
			defaultConfigurationName = Release;
		};
/* End XCConfigurationList section */
	};
	rootObject = 92B54EF52A58550900592ED9 /* Project object */;
}
